{
  "version": 4,
  "terraform_version": "1.3.6",
  "serial": 78,
  "lineage": "457cd00a-675d-3839-598c-fabd0c0eb5cd",
  "outputs": {},
  "resources": [
    {
      "mode": "managed",
      "type": "google_compute_instance",
      "name": "frontend",
      "provider": "provider[\"registry.terraform.io/hashicorp/google\"]",
      "instances": [
        {
          "schema_version": 6,
          "attributes": {
            "advanced_machine_features": [],
            "allow_stopping_for_update": true,
            "attached_disk": [],
            "boot_disk": [
              {
                "auto_delete": true,
                "device_name": "persistent-disk-0",
                "disk_encryption_key_raw": "",
                "disk_encryption_key_sha256": "",
                "initialize_params": [
                  {
                    "image": "https://www.googleapis.com/compute/v1/projects/ubuntu-os-cloud/global/images/ubuntu-2004-focal-v20220308",
                    "labels": {},
                    "size": 50,
                    "type": "pd-standard"
                  }
                ],
                "kms_key_self_link": "",
                "mode": "READ_WRITE",
                "source": "https://www.googleapis.com/compute/v1/projects/psychic-lens-351807/zones/us-central1-a/disks/frontend"
              }
            ],
            "can_ip_forward": false,
            "confidential_instance_config": [],
            "cpu_platform": "Intel Haswell",
            "current_status": "RUNNING",
            "deletion_protection": false,
            "description": "",
            "desired_status": null,
            "enable_display": false,
            "guest_accelerator": [],
            "hostname": "",
            "id": "projects/psychic-lens-351807/zones/us-central1-a/instances/frontend",
            "instance_id": "3460709084911216027",
            "label_fingerprint": "42WmSpB8rSM=",
            "labels": {},
            "machine_type": "n1-standard-4",
            "metadata": {
              "block-project-ssh-keys": "true",
              "enable-oslogin": "true"
            },
            "metadata_fingerprint": "MtFI4RW9Cvo=",
            "metadata_startup_script": null,
            "min_cpu_platform": "",
            "name": "frontend",
            "network_interface": [
              {
                "access_config": [],
                "alias_ip_range": [],
                "ipv6_access_config": [],
                "ipv6_access_type": "",
                "name": "nic0",
                "network": "https://www.googleapis.com/compute/v1/projects/psychic-lens-351807/global/networks/default",
                "network_ip": "10.128.0.4",
                "nic_type": "",
                "queue_count": 0,
                "stack_type": "IPV4_ONLY",
                "subnetwork": "https://www.googleapis.com/compute/v1/projects/psychic-lens-351807/regions/us-central1/subnetworks/default",
                "subnetwork_project": "psychic-lens-351807"
              }
            ],
            "project": "psychic-lens-351807",
            "reservation_affinity": [],
            "resource_policies": [],
            "scheduling": [
              {
                "automatic_restart": true,
                "instance_termination_action": "",
                "min_node_cpus": 0,
                "node_affinities": [],
                "on_host_maintenance": "MIGRATE",
                "preemptible": false,
                "provisioning_model": "STANDARD"
              }
            ],
            "scratch_disk": [],
            "self_link": "https://www.googleapis.com/compute/v1/projects/psychic-lens-351807/zones/us-central1-a/instances/frontend",
            "service_account": [
              {
                "email": "595042382486-compute@developer.gserviceaccount.com",
                "scopes": [
                  "https://www.googleapis.com/auth/cloud-platform"
                ]
              }
            ],
            "shielded_instance_config": [
              {
                "enable_integrity_monitoring": true,
                "enable_secure_boot": true,
                "enable_vtpm": true
              }
            ],
            "tags": [],
            "tags_fingerprint": "42WmSpB8rSM=",
            "timeouts": null,
            "zone": "us-central1-a"
          },
          "sensitive_attributes": [],
          "private": "eyJlMmJmYjczMC1lY2FhLTExZTYtOGY4OC0zNDM2M2JjN2M0YzAiOnsiY3JlYXRlIjoxMjAwMDAwMDAwMDAwLCJkZWxldGUiOjEyMDAwMDAwMDAwMDAsInVwZGF0ZSI6MTIwMDAwMDAwMDAwMH0sInNjaGVtYV92ZXJzaW9uIjoiNiJ9"
        }
      ]
    },
    {
      "mode": "managed",
      "type": "google_compute_instance_group",
      "name": "webservers",
      "provider": "provider[\"registry.terraform.io/hashicorp/google\"]",
      "instances": [
        {
          "schema_version": 2,
          "attributes": {
            "description": "Terraform test instance group",
            "id": "projects/psychic-lens-351807/zones/us-central1-a/instanceGroups/terraform-webservers",
            "instances": [
              "https://www.googleapis.com/compute/v1/projects/psychic-lens-351807/zones/us-central1-a/instances/frontend"
            ],
            "name": "terraform-webservers",
            "named_port": [
              {
                "name": "http",
                "port": 80
              }
            ],
            "network": "https://www.googleapis.com/compute/v1/projects/psychic-lens-351807/global/networks/default",
            "project": "psychic-lens-351807",
            "self_link": "https://www.googleapis.com/compute/v1/projects/psychic-lens-351807/zones/us-central1-a/instanceGroups/terraform-webservers",
            "size": 1,
            "timeouts": null,
            "zone": "us-central1-a"
          },
          "sensitive_attributes": [],
          "private": "eyJlMmJmYjczMC1lY2FhLTExZTYtOGY4OC0zNDM2M2JjN2M0YzAiOnsiY3JlYXRlIjozNjAwMDAwMDAwMDAsImRlbGV0ZSI6MzYwMDAwMDAwMDAwLCJ1cGRhdGUiOjM2MDAwMDAwMDAwMH0sInNjaGVtYV92ZXJzaW9uIjoiMiJ9",
          "dependencies": [
            "google_compute_instance.frontend"
          ]
        }
      ]
    },
    {
      "module": "module.cloud_nat",
      "mode": "managed",
      "type": "google_compute_router_nat",
      "name": "main",
      "provider": "provider[\"registry.terraform.io/hashicorp/google\"]",
      "instances": [
        {
          "schema_version": 0,
          "attributes": {
            "drain_nat_ips": null,
            "enable_dynamic_port_allocation": false,
            "enable_endpoint_independent_mapping": false,
            "icmp_idle_timeout_sec": 30,
            "id": "psychic-lens-351807/us-central1/cloud-router-nat/poc-nik",
            "log_config": [],
            "max_ports_per_vm": 0,
            "min_ports_per_vm": 128,
            "name": "poc-nik",
            "nat_ip_allocate_option": "AUTO_ONLY",
            "nat_ips": null,
            "project": "psychic-lens-351807",
            "region": "us-central1",
            "router": "cloud-router-nat",
            "rules": [],
            "source_subnetwork_ip_ranges_to_nat": "ALL_SUBNETWORKS_ALL_IP_RANGES",
            "subnetwork": [],
            "tcp_established_idle_timeout_sec": 1200,
            "tcp_transitory_idle_timeout_sec": 30,
            "timeouts": null,
            "udp_idle_timeout_sec": 30
          },
          "sensitive_attributes": [],
          "private": "eyJlMmJmYjczMC1lY2FhLTExZTYtOGY4OC0zNDM2M2JjN2M0YzAiOnsiY3JlYXRlIjoxMjAwMDAwMDAwMDAwLCJkZWxldGUiOjEyMDAwMDAwMDAwMDAsInVwZGF0ZSI6MTIwMDAwMDAwMDAwMH19",
          "dependencies": [
            "module.cloud_nat.google_compute_router.router",
            "module.cloud_nat.random_string.name_suffix",
            "module.cloud_router_nat.google_compute_router.router"
          ]
        }
      ]
    },
    {
      "module": "module.cloud_nat",
      "mode": "managed",
      "type": "random_string",
      "name": "name_suffix",
      "provider": "provider[\"registry.terraform.io/hashicorp/random\"]",
      "instances": [
        {
          "schema_version": 2,
          "attributes": {
            "id": "n4k69x",
            "keepers": null,
            "length": 6,
            "lower": true,
            "min_lower": 0,
            "min_numeric": 0,
            "min_special": 0,
            "min_upper": 0,
            "number": true,
            "numeric": true,
            "override_special": null,
            "result": "n4k69x",
            "special": false,
            "upper": false
          },
          "sensitive_attributes": []
        }
      ]
    },
    {
      "module": "module.cloud_router_nat",
      "mode": "managed",
      "type": "google_compute_router",
      "name": "router",
      "provider": "provider[\"registry.terraform.io/hashicorp/google\"]",
      "instances": [
        {
          "schema_version": 0,
          "attributes": {
            "bgp": [],
            "creation_timestamp": "2023-01-03T04:19:20.514-08:00",
            "description": "",
            "encrypted_interconnect_router": false,
            "id": "projects/psychic-lens-351807/regions/us-central1/routers/cloud-router-nat",
            "name": "cloud-router-nat",
            "network": "https://www.googleapis.com/compute/v1/projects/psychic-lens-351807/global/networks/default",
            "project": "psychic-lens-351807",
            "region": "us-central1",
            "self_link": "https://www.googleapis.com/compute/v1/projects/psychic-lens-351807/regions/us-central1/routers/cloud-router-nat",
            "timeouts": null
          },
          "sensitive_attributes": [],
          "private": "eyJlMmJmYjczMC1lY2FhLTExZTYtOGY4OC0zNDM2M2JjN2M0YzAiOnsiY3JlYXRlIjoxMjAwMDAwMDAwMDAwLCJkZWxldGUiOjEyMDAwMDAwMDAwMDAsInVwZGF0ZSI6MTIwMDAwMDAwMDAwMH19"
        }
      ]
    },
    {
      "module": "module.gce-lb-http",
      "mode": "managed",
      "type": "google_compute_backend_service",
      "name": "default",
      "provider": "provider[\"registry.terraform.io/hashicorp/google-beta\"]",
      "instances": [
        {
          "index_key": "default",
          "schema_version": 1,
          "attributes": {
            "affinity_cookie_ttl_sec": 0,
            "backend": [
              {
                "balancing_mode": "UTILIZATION",
                "capacity_scaler": 1,
                "description": "",
                "group": "https://www.googleapis.com/compute/v1/projects/psychic-lens-351807/zones/us-central1-a/instanceGroups/terraform-webservers",
                "max_connections": 0,
                "max_connections_per_endpoint": 0,
                "max_connections_per_instance": 0,
                "max_rate": 0,
                "max_rate_per_endpoint": 0,
                "max_rate_per_instance": 0,
                "max_utilization": 0
              }
            ],
            "cdn_policy": [],
            "circuit_breakers": [],
            "compression_mode": "",
            "connection_draining_timeout_sec": 300,
            "consistent_hash": [],
            "creation_timestamp": "2023-01-03T03:25:47.221-08:00",
            "custom_request_headers": [],
            "custom_response_headers": [],
            "description": "",
            "enable_cdn": false,
            "fingerprint": "aBKIrX7jo-g=",
            "health_checks": [
              "https://www.googleapis.com/compute/v1/projects/psychic-lens-351807/global/healthChecks/group-http-lb-hc-default"
            ],
            "iap": [],
            "id": "projects/psychic-lens-351807/global/backendServices/group-http-lb-backend-default",
            "load_balancing_scheme": "EXTERNAL",
            "locality_lb_policy": "",
            "log_config": [
              {
                "enable": true,
                "sample_rate": 1
              }
            ],
            "name": "group-http-lb-backend-default",
            "outlier_detection": [],
            "port_name": "http",
            "project": "psychic-lens-351807",
            "protocol": "HTTP",
            "security_policy": "",
            "security_settings": [],
            "self_link": "https://www.googleapis.com/compute/v1/projects/psychic-lens-351807/global/backendServices/group-http-lb-backend-default",
            "session_affinity": "NONE",
            "timeout_sec": 10,
            "timeouts": null
          },
          "sensitive_attributes": [],
          "private": "eyJlMmJmYjczMC1lY2FhLTExZTYtOGY4OC0zNDM2M2JjN2M0YzAiOnsiY3JlYXRlIjoxMjAwMDAwMDAwMDAwLCJkZWxldGUiOjEyMDAwMDAwMDAwMDAsInVwZGF0ZSI6MTIwMDAwMDAwMDAwMH0sInNjaGVtYV92ZXJzaW9uIjoiMSJ9",
          "dependencies": [
            "google_compute_instance.frontend",
            "google_compute_instance_group.webservers",
            "module.gce-lb-http.google_compute_health_check.default"
          ]
        }
      ]
    },
    {
      "module": "module.gce-lb-http",
      "mode": "managed",
      "type": "google_compute_firewall",
      "name": "default-hc",
      "provider": "provider[\"registry.terraform.io/hashicorp/google\"]",
      "instances": [
        {
          "index_key": 0,
          "schema_version": 1,
          "attributes": {
            "allow": [
              {
                "ports": [
                  "80"
                ],
                "protocol": "tcp"
              }
            ],
            "creation_timestamp": "2023-01-03T03:25:34.586-08:00",
            "deny": [],
            "description": "",
            "destination_ranges": [],
            "direction": "INGRESS",
            "disabled": false,
            "enable_logging": null,
            "id": "projects/psychic-lens-351807/global/firewalls/group-http-lb-hc-0",
            "log_config": [],
            "name": "group-http-lb-hc-0",
            "network": "https://www.googleapis.com/compute/v1/projects/psychic-lens-351807/global/networks/default",
            "priority": 1000,
            "project": "psychic-lens-351807",
            "self_link": "https://www.googleapis.com/compute/v1/projects/psychic-lens-351807/global/firewalls/group-http-lb-hc-0",
            "source_ranges": [
              "130.211.0.0/22",
              "35.191.0.0/16"
            ],
            "source_service_accounts": [],
            "source_tags": [],
            "target_service_accounts": [],
            "target_tags": [],
            "timeouts": null
          },
          "sensitive_attributes": [],
          "private": "eyJlMmJmYjczMC1lY2FhLTExZTYtOGY4OC0zNDM2M2JjN2M0YzAiOnsiY3JlYXRlIjoxMjAwMDAwMDAwMDAwLCJkZWxldGUiOjEyMDAwMDAwMDAwMDAsInVwZGF0ZSI6MTIwMDAwMDAwMDAwMH0sInNjaGVtYV92ZXJzaW9uIjoiMSJ9",
          "dependencies": [
            "google_compute_instance.frontend",
            "google_compute_instance_group.webservers"
          ]
        }
      ]
    },
    {
      "module": "module.gce-lb-http",
      "mode": "managed",
      "type": "google_compute_global_address",
      "name": "default",
      "provider": "provider[\"registry.terraform.io/hashicorp/google-beta\"]",
      "instances": [
        {
          "index_key": 0,
          "schema_version": 0,
          "attributes": {
            "address": "34.120.191.159",
            "address_type": "EXTERNAL",
            "creation_timestamp": "2023-01-03T03:25:34.662-08:00",
            "description": "",
            "id": "projects/psychic-lens-351807/global/addresses/group-http-lb-address",
            "ip_version": "",
            "label_fingerprint": "42WmSpB8rSM=",
            "labels": {},
            "name": "group-http-lb-address",
            "network": "",
            "prefix_length": 0,
            "project": "psychic-lens-351807",
            "purpose": "",
            "self_link": "https://www.googleapis.com/compute/v1/projects/psychic-lens-351807/global/addresses/group-http-lb-address",
            "timeouts": null
          },
          "sensitive_attributes": [],
          "private": "eyJlMmJmYjczMC1lY2FhLTExZTYtOGY4OC0zNDM2M2JjN2M0YzAiOnsiY3JlYXRlIjoxMjAwMDAwMDAwMDAwLCJkZWxldGUiOjEyMDAwMDAwMDAwMDAsInVwZGF0ZSI6MTIwMDAwMDAwMDAwMH19"
        }
      ]
    },
    {
      "module": "module.gce-lb-http",
      "mode": "managed",
      "type": "google_compute_global_forwarding_rule",
      "name": "http",
      "provider": "provider[\"registry.terraform.io/hashicorp/google-beta\"]",
      "instances": [
        {
          "index_key": 0,
          "schema_version": 0,
          "attributes": {
            "description": "",
            "id": "projects/psychic-lens-351807/global/forwardingRules/group-http-lb",
            "ip_address": "34.120.191.159",
            "ip_protocol": "TCP",
            "ip_version": "",
            "label_fingerprint": "42WmSpB8rSM=",
            "labels": {},
            "load_balancing_scheme": "EXTERNAL",
            "metadata_filters": [],
            "name": "group-http-lb",
            "network": "",
            "port_range": "80",
            "project": "psychic-lens-351807",
            "psc_connection_id": "",
            "psc_connection_status": "",
            "self_link": "https://www.googleapis.com/compute/beta/projects/psychic-lens-351807/global/forwardingRules/group-http-lb",
            "target": "https://www.googleapis.com/compute/v1/projects/psychic-lens-351807/global/targetHttpProxies/group-http-lb-http-proxy",
            "timeouts": null
          },
          "sensitive_attributes": [],
          "private": "eyJlMmJmYjczMC1lY2FhLTExZTYtOGY4OC0zNDM2M2JjN2M0YzAiOnsiY3JlYXRlIjoxMjAwMDAwMDAwMDAwLCJkZWxldGUiOjEyMDAwMDAwMDAwMDAsInVwZGF0ZSI6MTIwMDAwMDAwMDAwMH19",
          "dependencies": [
            "google_compute_instance.frontend",
            "google_compute_instance_group.webservers",
            "module.gce-lb-http.google_compute_backend_service.default",
            "module.gce-lb-http.google_compute_global_address.default",
            "module.gce-lb-http.google_compute_health_check.default",
            "module.gce-lb-http.google_compute_target_http_proxy.default",
            "module.gce-lb-http.google_compute_url_map.default",
            "module.gce-lb-http.google_compute_url_map.https_redirect"
          ]
        }
      ]
    },
    {
      "module": "module.gce-lb-http",
      "mode": "managed",
      "type": "google_compute_health_check",
      "name": "default",
      "provider": "provider[\"registry.terraform.io/hashicorp/google-beta\"]",
      "instances": [
        {
          "index_key": "default",
          "schema_version": 0,
          "attributes": {
            "check_interval_sec": 5,
            "creation_timestamp": "2023-01-03T03:25:34.700-08:00",
            "description": "",
            "grpc_health_check": [],
            "healthy_threshold": 2,
            "http2_health_check": [],
            "http_health_check": [
              {
                "host": "",
                "port": 80,
                "port_name": "",
                "port_specification": "",
                "proxy_header": "NONE",
                "request_path": "/",
                "response": ""
              }
            ],
            "https_health_check": [],
            "id": "projects/psychic-lens-351807/global/healthChecks/group-http-lb-hc-default",
            "log_config": [
              {
                "enable": false
              }
            ],
            "name": "group-http-lb-hc-default",
            "project": "psychic-lens-351807",
            "self_link": "https://www.googleapis.com/compute/v1/projects/psychic-lens-351807/global/healthChecks/group-http-lb-hc-default",
            "ssl_health_check": [],
            "tcp_health_check": [],
            "timeout_sec": 5,
            "timeouts": null,
            "type": "HTTP",
            "unhealthy_threshold": 2
          },
          "sensitive_attributes": [],
          "private": "eyJlMmJmYjczMC1lY2FhLTExZTYtOGY4OC0zNDM2M2JjN2M0YzAiOnsiY3JlYXRlIjoxMjAwMDAwMDAwMDAwLCJkZWxldGUiOjEyMDAwMDAwMDAwMDAsInVwZGF0ZSI6MTIwMDAwMDAwMDAwMH19",
          "dependencies": [
            "google_compute_instance.frontend",
            "google_compute_instance_group.webservers"
          ]
        }
      ]
    },
    {
      "module": "module.gce-lb-http",
      "mode": "managed",
      "type": "google_compute_target_http_proxy",
      "name": "default",
      "provider": "provider[\"registry.terraform.io/hashicorp/google\"]",
      "instances": [
        {
          "index_key": 0,
          "schema_version": 0,
          "attributes": {
            "creation_timestamp": "2023-01-03T03:26:23.773-08:00",
            "description": "",
            "id": "projects/psychic-lens-351807/global/targetHttpProxies/group-http-lb-http-proxy",
            "name": "group-http-lb-http-proxy",
            "project": "psychic-lens-351807",
            "proxy_bind": false,
            "proxy_id": 2765922000782863920,
            "self_link": "https://www.googleapis.com/compute/v1/projects/psychic-lens-351807/global/targetHttpProxies/group-http-lb-http-proxy",
            "timeouts": null,
            "url_map": "https://www.googleapis.com/compute/v1/projects/psychic-lens-351807/global/urlMaps/group-http-lb-url-map"
          },
          "sensitive_attributes": [],
          "private": "eyJlMmJmYjczMC1lY2FhLTExZTYtOGY4OC0zNDM2M2JjN2M0YzAiOnsiY3JlYXRlIjoxMjAwMDAwMDAwMDAwLCJkZWxldGUiOjEyMDAwMDAwMDAwMDAsInVwZGF0ZSI6MTIwMDAwMDAwMDAwMH19",
          "dependencies": [
            "google_compute_instance.frontend",
            "google_compute_instance_group.webservers",
            "module.gce-lb-http.google_compute_backend_service.default",
            "module.gce-lb-http.google_compute_health_check.default",
            "module.gce-lb-http.google_compute_url_map.default",
            "module.gce-lb-http.google_compute_url_map.https_redirect"
          ]
        }
      ]
    },
    {
      "module": "module.gce-lb-http",
      "mode": "managed",
      "type": "google_compute_url_map",
      "name": "default",
      "provider": "provider[\"registry.terraform.io/hashicorp/google\"]",
      "instances": [
        {
          "index_key": 0,
          "schema_version": 0,
          "attributes": {
            "creation_timestamp": "2023-01-03T03:26:10.558-08:00",
            "default_route_action": [],
            "default_service": "https://www.googleapis.com/compute/v1/projects/psychic-lens-351807/global/backendServices/group-http-lb-backend-default",
            "default_url_redirect": [],
            "description": "",
            "fingerprint": "3ghFWaElJyM=",
            "header_action": [],
            "host_rule": [],
            "id": "projects/psychic-lens-351807/global/urlMaps/group-http-lb-url-map",
            "map_id": 2963578422969347645,
            "name": "group-http-lb-url-map",
            "path_matcher": [],
            "project": "psychic-lens-351807",
            "self_link": "https://www.googleapis.com/compute/v1/projects/psychic-lens-351807/global/urlMaps/group-http-lb-url-map",
            "test": [],
            "timeouts": null
          },
          "sensitive_attributes": [],
          "private": "eyJlMmJmYjczMC1lY2FhLTExZTYtOGY4OC0zNDM2M2JjN2M0YzAiOnsiY3JlYXRlIjoxMjAwMDAwMDAwMDAwLCJkZWxldGUiOjEyMDAwMDAwMDAwMDAsInVwZGF0ZSI6MTIwMDAwMDAwMDAwMH19",
          "dependencies": [
            "google_compute_instance.frontend",
            "google_compute_instance_group.webservers",
            "module.gce-lb-http.google_compute_backend_service.default",
            "module.gce-lb-http.google_compute_health_check.default"
          ]
        }
      ]
    },
    {
      "module": "module.shared_vpc_non_prod_firewall",
      "mode": "managed",
      "type": "google_compute_firewall",
      "name": "custom",
      "provider": "provider[\"registry.terraform.io/hashicorp/google\"]",
      "instances": [
        {
          "index_key": "fw-65000-egress-deny-all-all-all-all",
          "schema_version": 1,
          "attributes": {
            "allow": [],
            "creation_timestamp": "2023-01-03T04:11:30.359-08:00",
            "deny": [
              {
                "ports": [],
                "protocol": "all"
              }
            ],
            "description": "Override default allow all ports egress rule",
            "destination_ranges": [
              "0.0.0.0/0"
            ],
            "direction": "EGRESS",
            "disabled": false,
            "enable_logging": null,
            "id": "projects/psychic-lens-351807/global/firewalls/fw-65000-egress-deny-all-all-all-all",
            "log_config": [
              {
                "metadata": "INCLUDE_ALL_METADATA"
              }
            ],
            "name": "fw-65000-egress-deny-all-all-all-all",
            "network": "https://www.googleapis.com/compute/v1/projects/psychic-lens-351807/global/networks/default",
            "priority": 65000,
            "project": "psychic-lens-351807",
            "self_link": "https://www.googleapis.com/compute/v1/projects/psychic-lens-351807/global/firewalls/fw-65000-egress-deny-all-all-all-all",
            "source_ranges": [],
            "source_service_accounts": [],
            "source_tags": [],
            "target_service_accounts": [],
            "target_tags": [],
            "timeouts": null
          },
          "sensitive_attributes": [],
          "private": "eyJlMmJmYjczMC1lY2FhLTExZTYtOGY4OC0zNDM2M2JjN2M0YzAiOnsiY3JlYXRlIjoxMjAwMDAwMDAwMDAwLCJkZWxldGUiOjEyMDAwMDAwMDAwMDAsInVwZGF0ZSI6MTIwMDAwMDAwMDAwMH0sInNjaGVtYV92ZXJzaW9uIjoiMSJ9"
        },
        {
          "index_key": "fw-egress-allow-all-vpc-all-all",
          "schema_version": 1,
          "attributes": {
            "allow": [
              {
                "ports": [],
                "protocol": "all"
              }
            ],
            "creation_timestamp": "2023-01-03T04:11:30.408-08:00",
            "deny": [],
            "description": "Allows for internal VPC communication",
            "destination_ranges": [
              "172.18.0.0/16"
            ],
            "direction": "EGRESS",
            "disabled": false,
            "enable_logging": null,
            "id": "projects/psychic-lens-351807/global/firewalls/fw-egress-allow-all-vpc-all-all",
            "log_config": [
              {
                "metadata": "INCLUDE_ALL_METADATA"
              }
            ],
            "name": "fw-egress-allow-all-vpc-all-all",
            "network": "https://www.googleapis.com/compute/v1/projects/psychic-lens-351807/global/networks/default",
            "priority": 1000,
            "project": "psychic-lens-351807",
            "self_link": "https://www.googleapis.com/compute/v1/projects/psychic-lens-351807/global/firewalls/fw-egress-allow-all-vpc-all-all",
            "source_ranges": [],
            "source_service_accounts": [],
            "source_tags": [],
            "target_service_accounts": [],
            "target_tags": [],
            "timeouts": null
          },
          "sensitive_attributes": [],
          "private": "eyJlMmJmYjczMC1lY2FhLTExZTYtOGY4OC0zNDM2M2JjN2M0YzAiOnsiY3JlYXRlIjoxMjAwMDAwMDAwMDAwLCJkZWxldGUiOjEyMDAwMDAwMDAwMDAsInVwZGF0ZSI6MTIwMDAwMDAwMDAwMH0sInNjaGVtYV92ZXJzaW9uIjoiMSJ9"
        },
        {
          "index_key": "fw-egress-allow-nt-http-https",
          "schema_version": 1,
          "attributes": {
            "allow": [
              {
                "ports": [
                  "443",
                  "80"
                ],
                "protocol": "tcp"
              }
            ],
            "creation_timestamp": "2023-01-03T04:11:30.484-08:00",
            "deny": [],
            "description": "Allows for outbound from Shared VPC to Internet for software download",
            "destination_ranges": [
              "0.0.0.0/0"
            ],
            "direction": "EGRESS",
            "disabled": false,
            "enable_logging": null,
            "id": "projects/psychic-lens-351807/global/firewalls/fw-egress-allow-nt-http-https",
            "log_config": [
              {
                "metadata": "INCLUDE_ALL_METADATA"
              }
            ],
            "name": "fw-egress-allow-nt-http-https",
            "network": "https://www.googleapis.com/compute/v1/projects/psychic-lens-351807/global/networks/default",
            "priority": 1000,
            "project": "psychic-lens-351807",
            "self_link": "https://www.googleapis.com/compute/v1/projects/psychic-lens-351807/global/firewalls/fw-egress-allow-nt-http-https",
            "source_ranges": [],
            "source_service_accounts": [],
            "source_tags": [],
            "target_service_accounts": [],
            "target_tags": [
              "nt-egress-allow-http-https"
            ],
            "timeouts": null
          },
          "sensitive_attributes": [],
          "private": "eyJlMmJmYjczMC1lY2FhLTExZTYtOGY4OC0zNDM2M2JjN2M0YzAiOnsiY3JlYXRlIjoxMjAwMDAwMDAwMDAwLCJkZWxldGUiOjEyMDAwMDAwMDAwMDAsInVwZGF0ZSI6MTIwMDAwMDAwMDAwMH0sInNjaGVtYV92ZXJzaW9uIjoiMSJ9"
        },
        {
          "index_key": "fw-ingress-allow-nt-gce-hlthchk-tcp",
          "schema_version": 1,
          "attributes": {
            "allow": [
              {
                "ports": [
                  "80",
                  "3306"
                ],
                "protocol": "tcp"
              }
            ],
            "creation_timestamp": "2023-01-03T04:11:30.412-08:00",
            "deny": [],
            "description": "GCE Health Checks",
            "destination_ranges": [],
            "direction": "INGRESS",
            "disabled": false,
            "enable_logging": null,
            "id": "projects/psychic-lens-351807/global/firewalls/fw-ingress-allow-nt-gce-hlthchk-tcp",
            "log_config": [
              {
                "metadata": "INCLUDE_ALL_METADATA"
              }
            ],
            "name": "fw-ingress-allow-nt-gce-hlthchk-tcp",
            "network": "https://www.googleapis.com/compute/v1/projects/psychic-lens-351807/global/networks/default",
            "priority": 1000,
            "project": "psychic-lens-351807",
            "self_link": "https://www.googleapis.com/compute/v1/projects/psychic-lens-351807/global/firewalls/fw-ingress-allow-nt-gce-hlthchk-tcp",
            "source_ranges": [
              "130.211.0.0/22",
              "35.191.0.0/16"
            ],
            "source_service_accounts": [],
            "source_tags": [],
            "target_service_accounts": [],
            "target_tags": [
              "nt-ingress-allow-health-check-tcp"
            ],
            "timeouts": null
          },
          "sensitive_attributes": [],
          "private": "eyJlMmJmYjczMC1lY2FhLTExZTYtOGY4OC0zNDM2M2JjN2M0YzAiOnsiY3JlYXRlIjoxMjAwMDAwMDAwMDAwLCJkZWxldGUiOjEyMDAwMDAwMDAwMDAsInVwZGF0ZSI6MTIwMDAwMDAwMDAwMH0sInNjaGVtYV92ZXJzaW9uIjoiMSJ9"
        },
        {
          "index_key": "fw-ingress-allow-nt-mysql-proxy-tcp-3306-to-3307",
          "schema_version": 1,
          "attributes": {
            "allow": [
              {
                "ports": [
                  "3306",
                  "3307"
                ],
                "protocol": "tcp"
              }
            ],
            "creation_timestamp": "2023-01-03T04:11:30.359-08:00",
            "deny": [],
            "description": "Allow access to CloudSQL Proxy",
            "destination_ranges": [],
            "direction": "INGRESS",
            "disabled": false,
            "enable_logging": null,
            "id": "projects/psychic-lens-351807/global/firewalls/fw-ingress-allow-nt-mysql-proxy-tcp-3306-to-3307",
            "log_config": [
              {
                "metadata": "INCLUDE_ALL_METADATA"
              }
            ],
            "name": "fw-ingress-allow-nt-mysql-proxy-tcp-3306-to-3307",
            "network": "https://www.googleapis.com/compute/v1/projects/psychic-lens-351807/global/networks/default",
            "priority": 1000,
            "project": "psychic-lens-351807",
            "self_link": "https://www.googleapis.com/compute/v1/projects/psychic-lens-351807/global/firewalls/fw-ingress-allow-nt-mysql-proxy-tcp-3306-to-3307",
            "source_ranges": [
              "10.200.100.0/23",
              "10.200.102.0/24",
              "10.200.99.0/24",
              "10.212.134.0/24",
              "114.143.131.82/32",
              "117.232.124.98/32",
              "172.18.0.0/16"
            ],
            "source_service_accounts": [],
            "source_tags": [],
            "target_service_accounts": [],
            "target_tags": [
              "nt-ingress-allow-mysql-proxy-tcp"
            ],
            "timeouts": null
          },
          "sensitive_attributes": [],
          "private": "eyJlMmJmYjczMC1lY2FhLTExZTYtOGY4OC0zNDM2M2JjN2M0YzAiOnsiY3JlYXRlIjoxMjAwMDAwMDAwMDAwLCJkZWxldGUiOjEyMDAwMDAwMDAwMDAsInVwZGF0ZSI6MTIwMDAwMDAwMDAwMH0sInNjaGVtYV92ZXJzaW9uIjoiMSJ9"
        },
        {
          "index_key": "fw-ingress-allow-sa-bq-visualiser-elb-tcp-80",
          "schema_version": 1,
          "attributes": {
            "allow": [
              {
                "ports": [
                  "80"
                ],
                "protocol": "tcp"
              }
            ],
            "creation_timestamp": "2023-01-03T04:11:30.361-08:00",
            "deny": [],
            "description": "GCE Health Checks",
            "destination_ranges": [],
            "direction": "INGRESS",
            "disabled": false,
            "enable_logging": null,
            "id": "projects/psychic-lens-351807/global/firewalls/fw-ingress-allow-sa-bq-visualiser-elb-tcp-80",
            "log_config": [
              {
                "metadata": "INCLUDE_ALL_METADATA"
              }
            ],
            "name": "fw-ingress-allow-sa-bq-visualiser-elb-tcp-80",
            "network": "https://www.googleapis.com/compute/v1/projects/psychic-lens-351807/global/networks/default",
            "priority": 1000,
            "project": "psychic-lens-351807",
            "self_link": "https://www.googleapis.com/compute/v1/projects/psychic-lens-351807/global/firewalls/fw-ingress-allow-sa-bq-visualiser-elb-tcp-80",
            "source_ranges": [
              "34.111.255.131/32"
            ],
            "source_service_accounts": [],
            "source_tags": [],
            "target_service_accounts": [
              "sa-tlabs-edw-dev-bq-visualiser@tlabs-edw-dev.iam.gserviceaccount.com"
            ],
            "target_tags": [],
            "timeouts": null
          },
          "sensitive_attributes": [],
          "private": "eyJlMmJmYjczMC1lY2FhLTExZTYtOGY4OC0zNDM2M2JjN2M0YzAiOnsiY3JlYXRlIjoxMjAwMDAwMDAwMDAwLCJkZWxldGUiOjEyMDAwMDAwMDAwMDAsInVwZGF0ZSI6MTIwMDAwMDAwMDAwMH0sInNjaGVtYV92ZXJzaW9uIjoiMSJ9"
        }
      ]
    },
    {
      "module": "module.sql_edw_dev_audit",
      "mode": "managed",
      "type": "google_sql_database",
      "name": "default",
      "provider": "provider[\"registry.terraform.io/hashicorp/google\"]",
      "instances": [
        {
          "index_key": 0,
          "schema_version": 0,
          "attributes": {
            "charset": "utf8mb4",
            "collation": "utf8mb4_0900_ai_ci",
            "deletion_policy": "DELETE",
            "id": "projects/psychic-lens-351807/instances/sql-dev/databases/default",
            "instance": "sql-dev",
            "name": "default",
            "project": "psychic-lens-351807",
            "self_link": "https://sqladmin.googleapis.com/sql/v1beta4/projects/psychic-lens-351807/instances/sql-dev/databases/default",
            "timeouts": null
          },
          "sensitive_attributes": [],
          "private": "eyJlMmJmYjczMC1lY2FhLTExZTYtOGY4OC0zNDM2M2JjN2M0YzAiOnsiY3JlYXRlIjoxMjAwMDAwMDAwMDAwLCJkZWxldGUiOjEyMDAwMDAwMDAwMDAsInVwZGF0ZSI6MTIwMDAwMDAwMDAwMH19",
          "dependencies": [
            "module.sql_edw_dev_audit.google_sql_database_instance.default",
            "module.sql_edw_dev_audit.null_resource.module_depends_on",
            "module.sql_edw_dev_audit.random_id.suffix"
          ]
        }
      ]
    },
    {
      "module": "module.sql_edw_dev_audit",
      "mode": "managed",
      "type": "google_sql_database_instance",
      "name": "default",
      "provider": "provider[\"registry.terraform.io/hashicorp/google-beta\"]",
      "instances": [
        {
          "schema_version": 0,
          "attributes": {
            "available_maintenance_versions": [],
            "clone": [],
            "connection_name": "psychic-lens-351807:us-central1:sql-dev",
            "database_version": "MYSQL_8_0",
            "deletion_protection": false,
            "encryption_key_name": null,
            "first_ip_address": "10.52.197.3",
            "id": "sql-dev",
            "ip_address": [
              {
                "ip_address": "10.52.197.3",
                "time_to_retire": "",
                "type": "PRIVATE"
              }
            ],
            "maintenance_version": "MYSQL_8_0_26.R20221108.00_02",
            "master_instance_name": "",
            "name": "sql-dev",
            "private_ip_address": "10.52.197.3",
            "project": "psychic-lens-351807",
            "public_ip_address": "",
            "region": "us-central1",
            "replica_configuration": [],
            "restore_backup_context": [],
            "root_password": null,
            "self_link": "https://sqladmin.googleapis.com/sql/v1beta4/projects/psychic-lens-351807/instances/sql-dev",
            "server_ca_cert": [
              {
                "cert": "-----BEGIN CERTIFICATE-----\nMIIDfzCCAmegAwIBAgIBADANBgkqhkiG9w0BAQsFADB3MS0wKwYDVQQuEyQyMzdk\nNmI2ZC0xMWRhLTQ2M2UtODBhYS0xMTFlMzhlMTY4NTUxIzAhBgNVBAMTGkdvb2ds\nZSBDbG91ZCBTUUwgU2VydmVyIENBMRQwEgYDVQQKEwtHb29nbGUsIEluYzELMAkG\nA1UEBhMCVVMwHhcNMjMwMTAzMTE1OTQzWhcNMzIxMjMxMTIwMDQzWjB3MS0wKwYD\nVQQuEyQyMzdkNmI2ZC0xMWRhLTQ2M2UtODBhYS0xMTFlMzhlMTY4NTUxIzAhBgNV\nBAMTGkdvb2dsZSBDbG91ZCBTUUwgU2VydmVyIENBMRQwEgYDVQQKEwtHb29nbGUs\nIEluYzELMAkGA1UEBhMCVVMwggEiMA0GCSqGSIb3DQEBAQUAA4IBDwAwggEKAoIB\nAQCmO9p3SuwXn/eQ/qK16k84zl4dgNgm8GzQ8O3ov6zczrp2A0Ag5FBapGg9SX3j\n39cRB3ddyAx6JoDRGLTkW0F2BYPraRfIy+swavGMCNFCEdZ71SS8d0ZbW73pbnpa\npenRp94+bOkX63Al2+LFZr0MnQc/ov8sPt1jZf5vvqnSeRqnbOxb/J6ObN5NiYAx\nsNZbImEZtJlirEeDR8DE50R7tu+HTU2r0Q2v2dL+sn9DtXX85Oibfx8TD9JxSSrX\nhzhLsmKjH0KftICbhbLLv0Y97uZVXRdKLEOs4i6dj6FCWXwPEI+1VGFTdCSdt0Lc\n2Cr764P/jU3UCMZ9CXbHwNhtAgMBAAGjFjAUMBIGA1UdEwEB/wQIMAYBAf8CAQAw\nDQYJKoZIhvcNAQELBQADggEBADKb0cNeMk4mxpHTn1YXLqcUEhpd00Oj88ZjML8D\nNaboyfrK2sfp17yfh/9x2ygV8fgR0ABe5+d4fIgl7N2aV6I9QPbDt3rP1LkAz8QW\nLyPACnofqZMB+1CBzXNah0fLCVeCdYJJv/eibYVmhnrmPzpwS9BUV8j8HUpAlPjg\nUAzujFLW8xGH2k6u9mzE7E+/LR1ZKL1jillctwqpS4HVidgVFcACZeFie4jZA7QL\niuDzTgTKZC/kCATgblNWbkhWihOARl7tCsqs5K+FgKIJgnXhAuTO26YhZ6JHfYOQ\nR8hHNI/+aaXDIjWPFX7u8XRSEy9XAD6MM/wFO42JTlJ03sc=\n-----END CERTIFICATE-----",
                "common_name": "C=US,O=Google\\, Inc,CN=Google Cloud SQL Server CA,dnQualifier=237d6b6d-11da-463e-80aa-111e38e16855",
                "create_time": "2023-01-03T11:59:43.601Z",
                "expiration_time": "2032-12-31T12:00:43.601Z",
                "sha1_fingerprint": "9ebfd5cb605febe0207882a2d40516a3c11e1942"
              }
            ],
            "service_account_email_address": "p595042382486-qg9chb@gcp-sa-cloud-sql.iam.gserviceaccount.com",
            "settings": [
              {
                "activation_policy": "ALWAYS",
                "active_directory_config": [],
                "availability_type": "ZONAL",
                "backup_configuration": [
                  {
                    "backup_retention_settings": [
                      {
                        "retained_backups": 90,
                        "retention_unit": "COUNT"
                      }
                    ],
                    "binary_log_enabled": true,
                    "enabled": true,
                    "location": "US",
                    "point_in_time_recovery_enabled": false,
                    "start_time": "17:00",
                    "transaction_log_retention_days": 7
                  }
                ],
                "collation": "",
                "connector_enforcement": "NOT_REQUIRED",
                "database_flags": [
                  {
                    "name": "general_log",
                    "value": "on"
                  },
                  {
                    "name": "log_output",
                    "value": "FILE"
                  },
                  {
                    "name": "cloudsql_iam_authentication",
                    "value": "on"
                  },
                  {
                    "name": "activate_all_roles_on_login",
                    "value": "on"
                  },
                  {
                    "name": "local_infile",
                    "value": "off"
                  }
                ],
                "deny_maintenance_period": [],
                "disk_autoresize": true,
                "disk_autoresize_limit": 0,
                "disk_size": 100,
                "disk_type": "PD_SSD",
                "insights_config": [],
                "ip_configuration": [
                  {
                    "allocated_ip_range": "",
                    "authorized_networks": [],
                    "ipv4_enabled": false,
                    "private_network": "projects/psychic-lens-351807/global/networks/default",
                    "require_ssl": true
                  }
                ],
                "location_preference": [
                  {
                    "follow_gae_application": "",
                    "secondary_zone": "",
                    "zone": "us-central1-c"
                  }
                ],
                "maintenance_window": [
                  {
                    "day": 7,
                    "hour": 23,
                    "update_track": "stable"
                  }
                ],
                "password_validation_policy": [],
                "pricing_plan": "PER_USE",
                "sql_server_audit_config": [],
                "tier": "db-n1-standard-2",
                "time_zone": "",
                "user_labels": {},
                "version": 1
              }
            ],
            "timeouts": {
              "create": "10m",
              "delete": "10m",
              "update": "10m"
            }
          },
          "sensitive_attributes": [],
          "private": "eyJlMmJmYjczMC1lY2FhLTExZTYtOGY4OC0zNDM2M2JjN2M0YzAiOnsiY3JlYXRlIjo2MDAwMDAwMDAwMDAsImRlbGV0ZSI6NjAwMDAwMDAwMDAwLCJ1cGRhdGUiOjYwMDAwMDAwMDAwMH19",
          "dependencies": [
            "module.sql_edw_dev_audit.null_resource.module_depends_on",
            "module.sql_edw_dev_audit.random_id.suffix"
          ]
        }
      ]
    },
    {
      "module": "module.sql_edw_dev_audit",
      "mode": "managed",
      "type": "google_sql_user",
      "name": "default",
      "provider": "provider[\"registry.terraform.io/hashicorp/google\"]",
      "instances": [
        {
          "index_key": 0,
          "schema_version": 1,
          "attributes": {
            "deletion_policy": null,
            "host": "%",
            "id": "default/%/sql-dev",
            "instance": "sql-dev",
            "name": "default",
            "password": "201f43ef1dc04a40",
            "password_policy": [],
            "project": "psychic-lens-351807",
            "sql_server_user_details": [],
            "timeouts": null,
            "type": ""
          },
          "sensitive_attributes": [],
          "private": "eyJlMmJmYjczMC1lY2FhLTExZTYtOGY4OC0zNDM2M2JjN2M0YzAiOnsiY3JlYXRlIjo2MDAwMDAwMDAwMDAsImRlbGV0ZSI6NjAwMDAwMDAwMDAwLCJ1cGRhdGUiOjYwMDAwMDAwMDAwMH0sInNjaGVtYV92ZXJzaW9uIjoiMSJ9",
          "dependencies": [
            "module.sql_edw_dev_audit.google_sql_database_instance.default",
            "module.sql_edw_dev_audit.google_sql_database_instance.replicas",
            "module.sql_edw_dev_audit.null_resource.module_depends_on",
            "module.sql_edw_dev_audit.random_id.suffix",
            "module.sql_edw_dev_audit.random_id.user-password"
          ]
        }
      ]
    },
    {
      "module": "module.sql_edw_dev_audit",
      "mode": "managed",
      "type": "null_resource",
      "name": "module_depends_on",
      "provider": "provider[\"registry.terraform.io/hashicorp/null\"]",
      "instances": [
        {
          "schema_version": 0,
          "attributes": {
            "id": "8811149135124569583",
            "triggers": {
              "value": "0"
            }
          },
          "sensitive_attributes": [],
          "private": "bnVsbA=="
        }
      ]
    },
    {
      "module": "module.sql_edw_dev_audit",
      "mode": "managed",
      "type": "random_id",
      "name": "user-password",
      "provider": "provider[\"registry.terraform.io/hashicorp/random\"]",
      "instances": [
        {
          "schema_version": 0,
          "attributes": {
            "b64_std": "IB9D7x3ASkA=",
            "b64_url": "IB9D7x3ASkA",
            "byte_length": 8,
            "dec": "2314643427767110208",
            "hex": "201f43ef1dc04a40",
            "id": "IB9D7x3ASkA",
            "keepers": {
              "name": "sql-dev"
            },
            "prefix": null
          },
          "sensitive_attributes": [],
          "dependencies": [
            "module.sql_edw_dev_audit.google_sql_database_instance.default",
            "module.sql_edw_dev_audit.null_resource.module_depends_on",
            "module.sql_edw_dev_audit.random_id.suffix"
          ]
        }
      ]
    }
  ],
  "check_results": null
}
